// !$*UTF8*$!
{
	archiveVersion = 1;
	classes = {
	};
	objectVersion = 46;
	objects = {

/* Begin PBXBuildFile section */
		2085E76C1EDD151800BE10DD /* StudentDetailsViewController.swift in Sources */ = {isa = PBXBuildFile; fileRef = 2085E76B1EDD151800BE10DD /* StudentDetailsViewController.swift */; };
		2085E7751EDD1DF800BE10DD /* Quang.storyboard in Resources */ = {isa = PBXBuildFile; fileRef = 2085E7741EDD1DF800BE10DD /* Quang.storyboard */; };
		2085E7781EDD1EBA00BE10DD /* Main.storyboard in Resources */ = {isa = PBXBuildFile; fileRef = 2085E7761EDD1EBA00BE10DD /* Main.storyboard */; };
		65C81DF61EDD09E600A3DEB4 /* AppDelegate.swift in Sources */ = {isa = PBXBuildFile; fileRef = 65C81DF51EDD09E600A3DEB4 /* AppDelegate.swift */; };
		65C81DFD1EDD09E600A3DEB4 /* Assets.xcassets in Resources */ = {isa = PBXBuildFile; fileRef = 65C81DFC1EDD09E600A3DEB4 /* Assets.xcassets */; };
		65C81E001EDD09E600A3DEB4 /* LaunchScreen.storyboard in Resources */ = {isa = PBXBuildFile; fileRef = 65C81DFE1EDD09E600A3DEB4 /* LaunchScreen.storyboard */; };
		65C81E0A1EDD115900A3DEB4 /* ViewController.swift in Sources */ = {isa = PBXBuildFile; fileRef = 65C81E091EDD115900A3DEB4 /* ViewController.swift */; };
		65C81E0C1EDD149200A3DEB4 /* StudentViewController.swift in Sources */ = {isa = PBXBuildFile; fileRef = 65C81E0B1EDD149200A3DEB4 /* StudentViewController.swift */; };
/* End PBXBuildFile section */

/* Begin PBXFileReference section */
		2085E76B1EDD151800BE10DD /* StudentDetailsViewController.swift */ = {isa = PBXFileReference; fileEncoding = 4; lastKnownFileType = sourcecode.swift; path = StudentDetailsViewController.swift; sourceTree = "<group>"; };
		2085E7741EDD1DF800BE10DD /* Quang.storyboard */ = {isa = PBXFileReference; fileEncoding = 4; lastKnownFileType = file.storyboard; path = Quang.storyboard; sourceTree = "<group>"; };
		2085E7771EDD1EBA00BE10DD /* Base */ = {isa = PBXFileReference; lastKnownFileType = file.storyboard; name = Base; path = Base.lproj/Main.storyboard; sourceTree = "<group>"; };
		65C81DF21EDD09E600A3DEB4 /* GitLearning.app */ = {isa = PBXFileReference; explicitFileType = wrapper.application; includeInIndex = 0; path = GitLearning.app; sourceTree = BUILT_PRODUCTS_DIR; };
		65C81DF51EDD09E600A3DEB4 /* AppDelegate.swift */ = {isa = PBXFileReference; lastKnownFileType = sourcecode.swift; path = AppDelegate.swift; sourceTree = "<group>"; };
		65C81DFC1EDD09E600A3DEB4 /* Assets.xcassets */ = {isa = PBXFileReference; lastKnownFileType = folder.assetcatalog; path = Assets.xcassets; sourceTree = "<group>"; };
		65C81DFF1EDD09E600A3DEB4 /* Base */ = {isa = PBXFileReference; lastKnownFileType = file.storyboard; name = Base; path = Base.lproj/LaunchScreen.storyboard; sourceTree = "<group>"; };
		65C81E011EDD09E600A3DEB4 /* Info.plist */ = {isa = PBXFileReference; lastKnownFileType = text.plist.xml; path = Info.plist; sourceTree = "<group>"; };
		65C81E091EDD115900A3DEB4 /* ViewController.swift */ = {isa = PBXFileReference; fileEncoding = 4; lastKnownFileType = sourcecode.swift; path = ViewController.swift; sourceTree = "<group>"; };
		65C81E0B1EDD149200A3DEB4 /* StudentViewController.swift */ = {isa = PBXFileReference; fileEncoding = 4; lastKnownFileType = sourcecode.swift; name = StudentViewController.swift; path = ../StudentViewController.swift; sourceTree = "<group>"; };
/* End PBXFileReference section */

/* Begin PBXFrameworksBuildPhase section */
		65C81DEF1EDD09E600A3DEB4 /* Frameworks */ = {
			isa = PBXFrameworksBuildPhase;
			buildActionMask = 2147483647;
			files = (
			);
			runOnlyForDeploymentPostprocessing = 0;
		};
/* End PBXFrameworksBuildPhase section */

/* Begin PBXGroup section */
		65C81DE91EDD09E600A3DEB4 = {
			isa = PBXGroup;
			children = (
				65C81DF41EDD09E600A3DEB4 /* GitLearning */,
				65C81DF31EDD09E600A3DEB4 /* Products */,
			);
			sourceTree = "<group>";
		};
		65C81DF31EDD09E600A3DEB4 /* Products */ = {
			isa = PBXGroup;
			children = (
				65C81DF21EDD09E600A3DEB4 /* GitLearning.app */,
			);
			name = Products;
			sourceTree = "<group>";
		};
		65C81DF41EDD09E600A3DEB4 /* GitLearning */ = {
			isa = PBXGroup;
			children = (
				65C81E081EDD0F6900A3DEB4 /* Supporting Files */,
				65C81DF51EDD09E600A3DEB4 /* AppDelegate.swift */,
				65C81E0B1EDD149200A3DEB4 /* StudentViewController.swift */,
				65C81E091EDD115900A3DEB4 /* ViewController.swift */,
				2085E7761EDD1EBA00BE10DD /* Main.storyboard */,
				2085E7741EDD1DF800BE10DD /* Quang.storyboard */,
				2085E76B1EDD151800BE10DD /* StudentDetailsViewController.swift */,
				65C81DFC1EDD09E600A3DEB4 /* Assets.xcassets */,
				65C81DFE1EDD09E600A3DEB4 /* LaunchScreen.storyboard */,
				65C81E011EDD09E600A3DEB4 /* Info.plist */,
			);
			path = GitLearning;
			sourceTree = "<group>";
		};
		65C81E081EDD0F6900A3DEB4 /* Supporting Files */ = {
			isa = PBXGroup;
			children = (
			);
			name = "Supporting Files";
			sourceTree = "<group>";
		};
/* End PBXGroup section */

/* Begin PBXNativeTarget section */
		65C81DF11EDD09E600A3DEB4 /* GitLearning */ = {
			isa = PBXNativeTarget;
			buildConfigurationList = 65C81E041EDD09E600A3DEB4 /* Build configuration list for PBXNativeTarget "GitLearning" */;
			buildPhases = (
				65C81DEE1EDD09E600A3DEB4 /* Sources */,
				65C81DEF1EDD09E600A3DEB4 /* Frameworks */,
				65C81DF01EDD09E600A3DEB4 /* Resources */,
			);
			buildRules = (
			);
			dependencies = (
			);
			name = GitLearning;
			productName = GitLearning;
			productReference = 65C81DF21EDD09E600A3DEB4 /* GitLearning.app */;
			productType = "com.apple.product-type.application";
		};
/* End PBXNativeTarget section */

/* Begin PBXProject section */
		65C81DEA1EDD09E600A3DEB4 /* Project object */ = {
			isa = PBXProject;
			attributes = {
				LastSwiftUpdateCheck = 0830;
				LastUpgradeCheck = 0830;
				ORGANIZATIONNAME = FenrirQ;
				TargetAttributes = {
					65C81DF11EDD09E600A3DEB4 = {
						CreatedOnToolsVersion = 8.3.2;
						ProvisioningStyle = Automatic;
					};
				};
			};
			buildConfigurationList = 65C81DED1EDD09E600A3DEB4 /* Build configuration list for PBXProject "GitLearning" */;
			compatibilityVersion = "Xcode 3.2";
			developmentRegion = English;
			hasScannedForEncodings = 0;
			knownRegions = (
				en,
				Base,
			);
			mainGroup = 65C81DE91EDD09E600A3DEB4;
			productRefGroup = 65C81DF31EDD09E600A3DEB4 /* Products */;
			projectDirPath = "";
			projectRoot = "";
			targets = (
				65C81DF11EDD09E600A3DEB4 /* GitLearning */,
			);
		};
/* End PBXProject section */

/* Begin PBXResourcesBuildPhase section */
		65C81DF01EDD09E600A3DEB4 /* Resources */ = {
			isa = PBXResourcesBuildPhase;
			buildActionMask = 2147483647;
			files = (
				65C81E001EDD09E600A3DEB4 /* LaunchScreen.storyboard in Resources */,
				65C81DFD1EDD09E600A3DEB4 /* Assets.xcassets in Resources */,
				2085E7751EDD1DF800BE10DD /* Quang.storyboard in Resources */,
				2085E7781EDD1EBA00BE10DD /* Main.storyboard in Resources */,
			);
			runOnlyForDeploymentPostprocessing = 0;
		};
/* End PBXResourcesBuildPhase section */

/* Begin PBXSourcesBuildPhase section */
		65C81DEE1EDD09E600A3DEB4 /* Sources */ = {
			isa = PBXSourcesBuildPhase;
			buildActionMask = 2147483647;
			files = (
				65C81E0C1EDD149200A3DEB4 /* StudentViewController.swift in Sources */,
				65C81E0A1EDD115900A3DEB4 /* ViewController.swift in Sources */,
				65C81DF61EDD09E600A3DEB4 /* AppDelegate.swift in Sources */,
				2085E76C1EDD151800BE10DD /* StudentDetailsViewController.swift in Sources */,
			);
			runOnlyForDeploymentPostprocessing = 0;
		};
/* End PBXSourcesBuildPhase section */

/* Begin PBXVariantGroup section */
		2085E7761EDD1EBA00BE10DD /* Main.storyboard */ = {
			isa = PBXVariantGroup;
			children = (
				2085E7771EDD1EBA00BE10DD /* Base */,
			);
			name = Main.storyboard;
			sourceTree = "<group>";
		};
		65C81DFE1EDD09E600A3DEB4 /* LaunchScreen.storyboard */ = {
			isa = PBXVariantGroup;
			children = (
				65C81DFF1EDD09E600A3DEB4 /* Base */,
			);
			name = LaunchScreen.storyboard;
			sourceTree = "<group>";
		};
/* End PBXVariantGroup section */

/* Begin XCBuildConfiguration section */
		65C81E021EDD09E600A3DEB4 /* Debug */ = {
			isa = XCBuildConfiguration;
			buildSettings = {
				ALWAYS_SEARCH_USER_PATHS = NO;
				CLANG_ANALYZER_NONNULL = YES;
				CLANG_ANALYZER_NUMBER_OBJECT_CONVERSION = YES_AGGRESSIVE;
				CLANG_CXX_LANGUAGE_STANDARD = "gnu++0x";
				CLANG_CXX_LIBRARY = "libc++";
				CLANG_ENABLE_MODULES = YES;
				CLANG_ENABLE_OBJC_ARC = YES;
				CLANG_WARN_BOOL_CONVERSION = YES;
				CLANG_WARN_CONSTANT_CONVERSION = YES;
				CLANG_WARN_DIRECT_OBJC_ISA_USAGE = YES_ERROR;
				CLANG_WARN_DOCUMENTATION_COMMENTS = YES;
				CLANG_WARN_EMPTY_BODY = YES;
				CLANG_WARN_ENUM_CONVERSION = YES;
				CLANG_WARN_INFINITE_RECURSION = YES;
				CLANG_WARN_INT_CONVERSION = YES;
				CLANG_WARN_OBJC_ROOT_CLASS = YES_ERROR;
				CLANG_WARN_SUSPICIOUS_MOVE = YES;
				CLANG_WARN_UNREACHABLE_CODE = YES;
				CLANG_WARN__DUPLICATE_METHOD_MATCH = YES;
				"CODE_SIGN_IDENTITY[sdk=iphoneos*]" = "iPhone Developer";
				COPY_PHASE_STRIP = NO;
				DEBUG_INFORMATION_FORMAT = dwarf;
				ENABLE_STRICT_OBJC_MSGSEND = YES;
				ENABLE_TESTABILITY = YES;
				GCC_C_LANGUAGE_STANDARD = gnu99;
				GCC_DYNAMIC_NO_PIC = NO;
				GCC_NO_COMMON_BLOCKS = YES;
				GCC_OPTIMIZATION_LEVEL = 0;
				GCC_PREPROCESSOR_DEFINITIONS = (
					"DEBUG=1",
					"$(inherited)",
				);
				GCC_WARN_64_TO_32_BIT_CONVERSION = YES;
				GCC_WARN_ABOUT_RETURN_TYPE = YES_ERROR;
				GCC_WARN_UNDECLARED_SELECTOR = YES;
				GCC_WARN_UNINITIALIZED_AUTOS = YES_AGGRESSIVE;
				GCC_WARN_UNUSED_FUNCTION = YES;
				GCC_WARN_UNUSED_VARIABLE = YES;
				IPHONEOS_DEPLOYMENT_TARGET = 10.3;
				MTL_ENABLE_DEBUG_INFO = YES;
				ONLY_ACTIVE_ARCH = YES;
				SDKROOT = iphoneos;
				SWIFT_ACTIVE_COMPILATION_CONDITIONS = DEBUG;
				SWIFT_OPTIMIZATION_LEVEL = "-Onone";
			};
			name = Debug;
		};
		65C81E031EDD09E600A3DEB4 /* Release */ = {
			isa = XCBuildConfiguration;
			buildSettings = {
				ALWAYS_SEARCH_USER_PATHS = NO;
				CLANG_ANALYZER_NONNULL = YES;
				CLANG_ANALYZER_NUMBER_OBJECT_CONVERSION = YES_AGGRESSIVE;
				CLANG_CXX_LANGUAGE_STANDARD = "gnu++0x";
				CLANG_CXX_LIBRARY = "libc++";
				CLANG_ENABLE_MODULES = YES;
				CLANG_ENABLE_OBJC_ARC = YES;
				CLANG_WARN_BOOL_CONVERSION = YES;
				CLANG_WARN_CONSTANT_CONVERSION = YES;
				CLANG_WARN_DIRECT_OBJC_ISA_USAGE = YES_ERROR;
				CLANG_WARN_DOCUMENTATION_COMMENTS = YES;
				CLANG_WARN_EMPTY_BODY = YES;
				CLANG_WARN_ENUM_CONVERSION = YES;
				CLANG_WARN_INFINITE_RECURSION = YES;
				CLANG_WARN_INT_CONVERSION = YES;
				CLANG_WARN_OBJC_ROOT_CLASS = YES_ERROR;
				CLANG_WARN_SUSPICIOUS_MOVE = YES;
				CLANG_WARN_UNREACHABLE_CODE = YES;
				CLANG_WARN__DUPLICATE_METHOD_MATCH = YES;
				"CODE_SIGN_IDENTITY[sdk=iphoneos*]" = "iPhone Developer";
				COPY_PHASE_STRIP = NO;
				DEBUG_INFORMATION_FORMAT = "dwarf-with-dsym";
				ENABLE_NS_ASSERTIONS = NO;
				ENABLE_STRICT_OBJC_MSGSEND = YES;
				GCC_C_LANGUAGE_STANDARD = gnu99;
				GCC_NO_COMMON_BLOCKS = YES;
				GCC_WARN_64_TO_32_BIT_CONVERSION = YES;
				GCC_WARN_ABOUT_RETURN_TYPE = YES_ERROR;
				GCC_WARN_UNDECLARED_SELECTOR = YES;
				GCC_WARN_UNINITIALIZED_AUTOS = YES_AGGRESSIVE;
				GCC_WARN_UNUSED_FUNCTION = YES;
				GCC_WARN_UNUSED_VARIABLE = YES;
				IPHONEOS_DEPLOYMENT_TARGET = 10.3;
				MTL_ENABLE_DEBUG_INFO = NO;
				SDKROOT = iphoneos;
				SWIFT_OPTIMIZATION_LEVEL = "-Owholemodule";
				VALIDATE_PRODUCT = YES;
			};
			name = Release;
		};
		65C81E051EDD09E600A3DEB4 /* Debug */ = {
			isa = XCBuildConfiguration;
			buildSettings = {
				ASSETCATALOG_COMPILER_APPICON_NAME = AppIcon;
				INFOPLIST_FILE = GitLearning/Info.plist;
				LD_RUNPATH_SEARCH_PATHS = "$(inherited) @executable_path/Frameworks";
				PRODUCT_BUNDLE_IDENTIFIER = FenrirQ.GitLearning;
				PRODUCT_NAME = "$(TARGET_NAME)";
				SWIFT_VERSION = 3.0;
			};
			name = Debug;
		};
		65C81E061EDD09E600A3DEB4 /* Release */ = {
			isa = XCBuildConfiguration;
			buildSettings = {
				ASSETCATALOG_COMPILER_APPICON_NAME = AppIcon;
				INFOPLIST_FILE = GitLearning/Info.plist;
				LD_RUNPATH_SEARCH_PATHS = "$(inherited) @executable_path/Frameworks";
				PRODUCT_BUNDLE_IDENTIFIER = FenrirQ.GitLearning;
				PRODUCT_NAME = "$(TARGET_NAME)";
				SWIFT_VERSION = 3.0;
			};
			name = Release;
		};
/* End XCBuildConfiguration section */

/* Begin XCConfigurationList section */
		65C81DED1EDD09E600A3DEB4 /* Build configuration list for PBXProject "GitLearning" */ = {
			isa = XCConfigurationList;
			buildConfigurations = (
				65C81E021EDD09E600A3DEB4 /* Debug */,
				65C81E031EDD09E600A3DEB4 /* Release */,
			);
			defaultConfigurationIsVisible = 0;
			defaultConfigurationName = Release;
		};
		65C81E041EDD09E600A3DEB4 /* Build configuration list for PBXNativeTarget "GitLearning" */ = {
			isa = XCConfigurationList;
			buildConfigurations = (
				65C81E051EDD09E600A3DEB4 /* Debug */,
				65C81E061EDD09E600A3DEB4 /* Release */,
			);
			defaultConfigurationIsVisible = 0;
			defaultConfigurationName = Release;
		};
/* End XCConfigurationList section */
	};
	rootObject = 65C81DEA1EDD09E600A3DEB4 /* Project object */;
}
